// !$*UTF8*$!
{
	archiveVersion = 1;
	classes = {
	};
	objectVersion = 46;
	objects = {

/* Begin PBXBuildFile section */
		F1A9D8381E800D6700EA6EF5 /* AppDelegate.swift in Sources */ = {isa = PBXBuildFile; fileRef = F1A9D8371E800D6700EA6EF5 /* AppDelegate.swift */; };
		F1A9D83A1E800D6700EA6EF5 /* ViewController.swift in Sources */ = {isa = PBXBuildFile; fileRef = F1A9D8391E800D6700EA6EF5 /* ViewController.swift */; };
		F1A9D83D1E800D6700EA6EF5 /* Main.storyboard in Resources */ = {isa = PBXBuildFile; fileRef = F1A9D83B1E800D6700EA6EF5 /* Main.storyboard */; };
		F1A9D83F1E800D6700EA6EF5 /* Assets.xcassets in Resources */ = {isa = PBXBuildFile; fileRef = F1A9D83E1E800D6700EA6EF5 /* Assets.xcassets */; };
		F1A9D8421E800D6700EA6EF5 /* LaunchScreen.storyboard in Resources */ = {isa = PBXBuildFile; fileRef = F1A9D8401E800D6700EA6EF5 /* LaunchScreen.storyboard */; };
		F1A9D84D1E800D6700EA6EF5 /* drawCircleTests.swift in Sources */ = {isa = PBXBuildFile; fileRef = F1A9D84C1E800D6700EA6EF5 /* drawCircleTests.swift */; };
		F1A9D8581E800D6700EA6EF5 /* drawCircleUITests.swift in Sources */ = {isa = PBXBuildFile; fileRef = F1A9D8571E800D6700EA6EF5 /* drawCircleUITests.swift */; };
/* End PBXBuildFile section */

/* Begin PBXContainerItemProxy section */
		F1A9D8491E800D6700EA6EF5 /* PBXContainerItemProxy */ = {
			isa = PBXContainerItemProxy;
			containerPortal = F1A9D82C1E800D6400EA6EF5 /* Project object */;
			proxyType = 1;
			remoteGlobalIDString = F1A9D8331E800D6400EA6EF5;
			remoteInfo = drawCircle;
		};
		F1A9D8541E800D6700EA6EF5 /* PBXContainerItemProxy */ = {
			isa = PBXContainerItemProxy;
			containerPortal = F1A9D82C1E800D6400EA6EF5 /* Project object */;
			proxyType = 1;
			remoteGlobalIDString = F1A9D8331E800D6400EA6EF5;
			remoteInfo = drawCircle;
		};
/* End PBXContainerItemProxy section */

/* Begin PBXFileReference section */
		F1A9D8341E800D6700EA6EF5 /* drawCircle.app */ = {isa = PBXFileReference; explicitFileType = wrapper.application; includeInIndex = 0; path = drawCircle.app; sourceTree = BUILT_PRODUCTS_DIR; };
		F1A9D8371E800D6700EA6EF5 /* AppDelegate.swift */ = {isa = PBXFileReference; lastKnownFileType = sourcecode.swift; path = AppDelegate.swift; sourceTree = "<group>"; };
		F1A9D8391E800D6700EA6EF5 /* ViewController.swift */ = {isa = PBXFileReference; lastKnownFileType = sourcecode.swift; path = ViewController.swift; sourceTree = "<group>"; };
		F1A9D83C1E800D6700EA6EF5 /* Base */ = {isa = PBXFileReference; lastKnownFileType = file.storyboard; name = Base; path = Base.lproj/Main.storyboard; sourceTree = "<group>"; };
		F1A9D83E1E800D6700EA6EF5 /* Assets.xcassets */ = {isa = PBXFileReference; lastKnownFileType = folder.assetcatalog; path = Assets.xcassets; sourceTree = "<group>"; };
		F1A9D8411E800D6700EA6EF5 /* Base */ = {isa = PBXFileReference; lastKnownFileType = file.storyboard; name = Base; path = Base.lproj/LaunchScreen.storyboard; sourceTree = "<group>"; };
		F1A9D8431E800D6700EA6EF5 /* Info.plist */ = {isa = PBXFileReference; lastKnownFileType = text.plist.xml; path = Info.plist; sourceTree = "<group>"; };
		F1A9D8481E800D6700EA6EF5 /* drawCircleTests.xctest */ = {isa = PBXFileReference; explicitFileType = wrapper.cfbundle; includeInIndex = 0; path = drawCircleTests.xctest; sourceTree = BUILT_PRODUCTS_DIR; };
		F1A9D84C1E800D6700EA6EF5 /* drawCircleTests.swift */ = {isa = PBXFileReference; lastKnownFileType = sourcecode.swift; path = drawCircleTests.swift; sourceTree = "<group>"; };
		F1A9D84E1E800D6700EA6EF5 /* Info.plist */ = {isa = PBXFileReference; lastKnownFileType = text.plist.xml; path = Info.plist; sourceTree = "<group>"; };
		F1A9D8531E800D6700EA6EF5 /* drawCircleUITests.xctest */ = {isa = PBXFileReference; explicitFileType = wrapper.cfbundle; includeInIndex = 0; path = drawCircleUITests.xctest; sourceTree = BUILT_PRODUCTS_DIR; };
		F1A9D8571E800D6700EA6EF5 /* drawCircleUITests.swift */ = {isa = PBXFileReference; lastKnownFileType = sourcecode.swift; path = drawCircleUITests.swift; sourceTree = "<group>"; };
		F1A9D8591E800D6800EA6EF5 /* Info.plist */ = {isa = PBXFileReference; lastKnownFileType = text.plist.xml; path = Info.plist; sourceTree = "<group>"; };
/* End PBXFileReference section */

/* Begin PBXFrameworksBuildPhase section */
		F1A9D8311E800D6400EA6EF5 /* Frameworks */ = {
			isa = PBXFrameworksBuildPhase;
			buildActionMask = 2147483647;
			files = (
			);
			runOnlyForDeploymentPostprocessing = 0;
		};
		F1A9D8451E800D6700EA6EF5 /* Frameworks */ = {
			isa = PBXFrameworksBuildPhase;
			buildActionMask = 2147483647;
			files = (
			);
			runOnlyForDeploymentPostprocessing = 0;
		};
		F1A9D8501E800D6700EA6EF5 /* Frameworks */ = {
			isa = PBXFrameworksBuildPhase;
			buildActionMask = 2147483647;
			files = (
			);
			runOnlyForDeploymentPostprocessing = 0;
		};
/* End PBXFrameworksBuildPhase section */

/* Begin PBXGroup section */
		F1A9D82B1E800D6400EA6EF5 = {
			isa = PBXGroup;
			children = (
				F1A9D8361E800D6700EA6EF5 /* drawCircle */,
				F1A9D84B1E800D6700EA6EF5 /* drawCircleTests */,
				F1A9D8561E800D6700EA6EF5 /* drawCircleUITests */,
				F1A9D8351E800D6700EA6EF5 /* Products */,
			);
			sourceTree = "<group>";
		};
		F1A9D8351E800D6700EA6EF5 /* Products */ = {
			isa = PBXGroup;
			children = (
				F1A9D8341E800D6700EA6EF5 /* drawCircle.app */,
				F1A9D8481E800D6700EA6EF5 /* drawCircleTests.xctest */,
				F1A9D8531E800D6700EA6EF5 /* drawCircleUITests.xctest */,
			);
			name = Products;
			sourceTree = "<group>";
		};
		F1A9D8361E800D6700EA6EF5 /* drawCircle */ = {
			isa = PBXGroup;
			children = (
				F1A9D8371E800D6700EA6EF5 /* AppDelegate.swift */,
				F1A9D8391E800D6700EA6EF5 /* ViewController.swift */,
				F1A9D83B1E800D6700EA6EF5 /* Main.storyboard */,
				F1A9D83E1E800D6700EA6EF5 /* Assets.xcassets */,
				F1A9D8401E800D6700EA6EF5 /* LaunchScreen.storyboard */,
				F1A9D8431E800D6700EA6EF5 /* Info.plist */,
			);
			path = drawCircle;
			sourceTree = "<group>";
		};
		F1A9D84B1E800D6700EA6EF5 /* drawCircleTests */ = {
			isa = PBXGroup;
			children = (
				F1A9D84C1E800D6700EA6EF5 /* drawCircleTests.swift */,
				F1A9D84E1E800D6700EA6EF5 /* Info.plist */,
			);
			path = drawCircleTests;
			sourceTree = "<group>";
		};
		F1A9D8561E800D6700EA6EF5 /* drawCircleUITests */ = {
			isa = PBXGroup;
			children = (
				F1A9D8571E800D6700EA6EF5 /* drawCircleUITests.swift */,
				F1A9D8591E800D6800EA6EF5 /* Info.plist */,
			);
			path = drawCircleUITests;
			sourceTree = "<group>";
		};
/* End PBXGroup section */

/* Begin PBXNativeTarget section */
		F1A9D8331E800D6400EA6EF5 /* drawCircle */ = {
			isa = PBXNativeTarget;
			buildConfigurationList = F1A9D85C1E800D6800EA6EF5 /* Build configuration list for PBXNativeTarget "drawCircle" */;
			buildPhases = (
				F1A9D8301E800D6400EA6EF5 /* Sources */,
				F1A9D8311E800D6400EA6EF5 /* Frameworks */,
				F1A9D8321E800D6400EA6EF5 /* Resources */,
			);
			buildRules = (
			);
			dependencies = (
			);
			name = drawCircle;
			productName = drawCircle;
			productReference = F1A9D8341E800D6700EA6EF5 /* drawCircle.app */;
			productType = "com.apple.product-type.application";
		};
		F1A9D8471E800D6700EA6EF5 /* drawCircleTests */ = {
			isa = PBXNativeTarget;
			buildConfigurationList = F1A9D85F1E800D6800EA6EF5 /* Build configuration list for PBXNativeTarget "drawCircleTests" */;
			buildPhases = (
				F1A9D8441E800D6700EA6EF5 /* Sources */,
				F1A9D8451E800D6700EA6EF5 /* Frameworks */,
				F1A9D8461E800D6700EA6EF5 /* Resources */,
			);
			buildRules = (
			);
			dependencies = (
				F1A9D84A1E800D6700EA6EF5 /* PBXTargetDependency */,
			);
			name = drawCircleTests;
			productName = drawCircleTests;
			productReference = F1A9D8481E800D6700EA6EF5 /* drawCircleTests.xctest */;
			productType = "com.apple.product-type.bundle.unit-test";
		};
		F1A9D8521E800D6700EA6EF5 /* drawCircleUITests */ = {
			isa = PBXNativeTarget;
			buildConfigurationList = F1A9D8621E800D6800EA6EF5 /* Build configuration list for PBXNativeTarget "drawCircleUITests" */;
			buildPhases = (
				F1A9D84F1E800D6700EA6EF5 /* Sources */,
				F1A9D8501E800D6700EA6EF5 /* Frameworks */,
				F1A9D8511E800D6700EA6EF5 /* Resources */,
			);
			buildRules = (
			);
			dependencies = (
				F1A9D8551E800D6700EA6EF5 /* PBXTargetDependency */,
			);
			name = drawCircleUITests;
			productName = drawCircleUITests;
			productReference = F1A9D8531E800D6700EA6EF5 /* drawCircleUITests.xctest */;
			productType = "com.apple.product-type.bundle.ui-testing";
		};
/* End PBXNativeTarget section */

/* Begin PBXProject section */
		F1A9D82C1E800D6400EA6EF5 /* Project object */ = {
			isa = PBXProject;
			attributes = {
				LastSwiftUpdateCheck = 0820;
				LastUpgradeCheck = 0820;
				ORGANIZATIONNAME = "Nattakarn Osborne";
				TargetAttributes = {
					F1A9D8331E800D6400EA6EF5 = {
						CreatedOnToolsVersion = 8.2.1;
						DevelopmentTeam = 6YD2UA6QR3;
						ProvisioningStyle = Automatic;
					};
					F1A9D8471E800D6700EA6EF5 = {
						CreatedOnToolsVersion = 8.2.1;
						DevelopmentTeam = 6YD2UA6QR3;
						ProvisioningStyle = Automatic;
						TestTargetID = F1A9D8331E800D6400EA6EF5;
					};
					F1A9D8521E800D6700EA6EF5 = {
						CreatedOnToolsVersion = 8.2.1;
						DevelopmentTeam = 6YD2UA6QR3;
						ProvisioningStyle = Automatic;
						TestTargetID = F1A9D8331E800D6400EA6EF5;
					};
				};
			};
			buildConfigurationList = F1A9D82F1E800D6400EA6EF5 /* Build configuration list for PBXProject "drawCircle" */;
			compatibilityVersion = "Xcode 3.2";
			developmentRegion = English;
			hasScannedForEncodings = 0;
			knownRegions = (
				en,
				Base,
			);
			mainGroup = F1A9D82B1E800D6400EA6EF5;
			productRefGroup = F1A9D8351E800D6700EA6EF5 /* Products */;
			projectDirPath = "";
			projectRoot = "";
			targets = (
				F1A9D8331E800D6400EA6EF5 /* drawCircle */,
				F1A9D8471E800D6700EA6EF5 /* drawCircleTests */,
				F1A9D8521E800D6700EA6EF5 /* drawCircleUITests */,
			);
		};
/* End PBXProject section */

/* Begin PBXResourcesBuildPhase section */
		F1A9D8321E800D6400EA6EF5 /* Resources */ = {
			isa = PBXResourcesBuildPhase;
			buildActionMask = 2147483647;
			files = (
				F1A9D8421E800D6700EA6EF5 /* LaunchScreen.storyboard in Resources */,
				F1A9D83F1E800D6700EA6EF5 /* Assets.xcassets in Resources */,
				F1A9D83D1E800D6700EA6EF5 /* Main.storyboard in Resources */,
			);
			runOnlyForDeploymentPostprocessing = 0;
		};
		F1A9D8461E800D6700EA6EF5 /* Resources */ = {
			isa = PBXResourcesBuildPhase;
			buildActionMask = 2147483647;
			files = (
			);
			runOnlyForDeploymentPostprocessing = 0;
		};
		F1A9D8511E800D6700EA6EF5 /* Resources */ = {
			isa = PBXResourcesBuildPhase;
			buildActionMask = 2147483647;
			files = (
			);
			runOnlyForDeploymentPostprocessing = 0;
		};
/* End PBXResourcesBuildPhase section */

/* Begin PBXSourcesBuildPhase section */
		F1A9D8301E800D6400EA6EF5 /* Sources */ = {
			isa = PBXSourcesBuildPhase;
			buildActionMask = 2147483647;
			files = (
				F1A9D83A1E800D6700EA6EF5 /* ViewController.swift in Sources */,
				F1A9D8381E800D6700EA6EF5 /* AppDelegate.swift in Sources */,
			);
			runOnlyForDeploymentPostprocessing = 0;
		};
		F1A9D8441E800D6700EA6EF5 /* Sources */ = {
			isa = PBXSourcesBuildPhase;
			buildActionMask = 2147483647;
			files = (
				F1A9D84D1E800D6700EA6EF5 /* drawCircleTests.swift in Sources */,
			);
			runOnlyForDeploymentPostprocessing = 0;
		};
		F1A9D84F1E800D6700EA6EF5 /* Sources */ = {
			isa = PBXSourcesBuildPhase;
			buildActionMask = 2147483647;
			files = (
				F1A9D8581E800D6700EA6EF5 /* drawCircleUITests.swift in Sources */,
			);
			runOnlyForDeploymentPostprocessing = 0;
		};
/* End PBXSourcesBuildPhase section */

/* Begin PBXTargetDependency section */
		F1A9D84A1E800D6700EA6EF5 /* PBXTargetDependency */ = {
			isa = PBXTargetDependency;
			target = F1A9D8331E800D6400EA6EF5 /* drawCircle */;
			targetProxy = F1A9D8491E800D6700EA6EF5 /* PBXContainerItemProxy */;
		};
		F1A9D8551E800D6700EA6EF5 /* PBXTargetDependency */ = {
			isa = PBXTargetDependency;
			target = F1A9D8331E800D6400EA6EF5 /* drawCircle */;
			targetProxy = F1A9D8541E800D6700EA6EF5 /* PBXContainerItemProxy */;
		};
/* End PBXTargetDependency section */

/* Begin PBXVariantGroup section */
		F1A9D83B1E800D6700EA6EF5 /* Main.storyboard */ = {
			isa = PBXVariantGroup;
			children = (
				F1A9D83C1E800D6700EA6EF5 /* Base */,
			);
			name = Main.storyboard;
			sourceTree = "<group>";
		};
		F1A9D8401E800D6700EA6EF5 /* LaunchScreen.storyboard */ = {
			isa = PBXVariantGroup;
			children = (
				F1A9D8411E800D6700EA6EF5 /* Base */,
			);
			name = LaunchScreen.storyboard;
			sourceTree = "<group>";
		};
/* End PBXVariantGroup section */

/* Begin XCBuildConfiguration section */
		F1A9D85A1E800D6800EA6EF5 /* Debug */ = {
			isa = XCBuildConfiguration;
			buildSettings = {
				ALWAYS_SEARCH_USER_PATHS = NO;
				CLANG_ANALYZER_NONNULL = YES;
				CLANG_CXX_LANGUAGE_STANDARD = "gnu++0x";
				CLANG_CXX_LIBRARY = "libc++";
				CLANG_ENABLE_MODULES = YES;
				CLANG_ENABLE_OBJC_ARC = YES;
				CLANG_WARN_BOOL_CONVERSION = YES;
				CLANG_WARN_CONSTANT_CONVERSION = YES;
				CLANG_WARN_DIRECT_OBJC_ISA_USAGE = YES_ERROR;
				CLANG_WARN_DOCUMENTATION_COMMENTS = YES;
				CLANG_WARN_EMPTY_BODY = YES;
				CLANG_WARN_ENUM_CONVERSION = YES;
				CLANG_WARN_INFINITE_RECURSION = YES;
				CLANG_WARN_INT_CONVERSION = YES;
				CLANG_WARN_OBJC_ROOT_CLASS = YES_ERROR;
				CLANG_WARN_SUSPICIOUS_MOVE = YES;
				CLANG_WARN_UNREACHABLE_CODE = YES;
				CLANG_WARN__DUPLICATE_METHOD_MATCH = YES;
				"CODE_SIGN_IDENTITY[sdk=iphoneos*]" = "iPhone Developer";
				COPY_PHASE_STRIP = NO;
				DEBUG_INFORMATION_FORMAT = dwarf;
				ENABLE_STRICT_OBJC_MSGSEND = YES;
				ENABLE_TESTABILITY = YES;
				GCC_C_LANGUAGE_STANDARD = gnu99;
				GCC_DYNAMIC_NO_PIC = NO;
				GCC_NO_COMMON_BLOCKS = YES;
				GCC_OPTIMIZATION_LEVEL = 0;
				GCC_PREPROCESSOR_DEFINITIONS = (
					"DEBUG=1",
					"$(inherited)",
				);
				GCC_WARN_64_TO_32_BIT_CONVERSION = YES;
				GCC_WARN_ABOUT_RETURN_TYPE = YES_ERROR;
				GCC_WARN_UNDECLARED_SELECTOR = YES;
				GCC_WARN_UNINITIALIZED_AUTOS = YES_AGGRESSIVE;
				GCC_WARN_UNUSED_FUNCTION = YES;
				GCC_WARN_UNUSED_VARIABLE = YES;
				IPHONEOS_DEPLOYMENT_TARGET = 10.2;
				MTL_ENABLE_DEBUG_INFO = YES;
				ONLY_ACTIVE_ARCH = YES;
				SDKROOT = iphoneos;
				SWIFT_ACTIVE_COMPILATION_CONDITIONS = DEBUG;
				SWIFT_OPTIMIZATION_LEVEL = "-Onone";
			};
			name = Debug;
		};
		F1A9D85B1E800D6800EA6EF5 /* Release */ = {
			isa = XCBuildConfiguration;
			buildSettings = {
				ALWAYS_SEARCH_USER_PATHS = NO;
				CLANG_ANALYZER_NONNULL = YES;
				CLANG_CXX_LANGUAGE_STANDARD = "gnu++0x";
				CLANG_CXX_LIBRARY = "libc++";
				CLANG_ENABLE_MODULES = YES;
				CLANG_ENABLE_OBJC_ARC = YES;
				CLANG_WARN_BOOL_CONVERSION = YES;
				CLANG_WARN_CONSTANT_CONVERSION = YES;
				CLANG_WARN_DIRECT_OBJC_ISA_USAGE = YES_ERROR;
				CLANG_WARN_DOCUMENTATION_COMMENTS = YES;
				CLANG_WARN_EMPTY_BODY = YES;
				CLANG_WARN_ENUM_CONVERSION = YES;
				CLANG_WARN_INFINITE_RECURSION = YES;
				CLANG_WARN_INT_CONVERSION = YES;
				CLANG_WARN_OBJC_ROOT_CLASS = YES_ERROR;
				CLANG_WARN_SUSPICIOUS_MOVE = YES;
				CLANG_WARN_UNREACHABLE_CODE = YES;
				CLANG_WARN__DUPLICATE_METHOD_MATCH = YES;
				"CODE_SIGN_IDENTITY[sdk=iphoneos*]" = "iPhone Developer";
				COPY_PHASE_STRIP = NO;
				DEBUG_INFORMATION_FORMAT = "dwarf-with-dsym";
				ENABLE_NS_ASSERTIONS = NO;
				ENABLE_STRICT_OBJC_MSGSEND = YES;
				GCC_C_LANGUAGE_STANDARD = gnu99;
				GCC_NO_COMMON_BLOCKS = YES;
				GCC_WARN_64_TO_32_BIT_CONVERSION = YES;
				GCC_WARN_ABOUT_RETURN_TYPE = YES_ERROR;
				GCC_WARN_UNDECLARED_SELECTOR = YES;
				GCC_WARN_UNINITIALIZED_AUTOS = YES_AGGRESSIVE;
				GCC_WARN_UNUSED_FUNCTION = YES;
				GCC_WARN_UNUSED_VARIABLE = YES;
				IPHONEOS_DEPLOYMENT_TARGET = 10.2;
				MTL_ENABLE_DEBUG_INFO = NO;
				SDKROOT = iphoneos;
				SWIFT_OPTIMIZATION_LEVEL = "-Owholemodule";
				VALIDATE_PRODUCT = YES;
			};
			name = Release;
		};
		F1A9D85D1E800D6800EA6EF5 /* Debug */ = {
			isa = XCBuildConfiguration;
			buildSettings = {
				ASSETCATALOG_COMPILER_APPICON_NAME = AppIcon;
				DEVELOPMENT_TEAM = 6YD2UA6QR3;
				INFOPLIST_FILE = drawCircle/Info.plist;
				LD_RUNPATH_SEARCH_PATHS = "$(inherited) @executable_path/Frameworks";
				PRODUCT_BUNDLE_IDENTIFIER = nosborne.drawCircle;
				PRODUCT_NAME = "$(TARGET_NAME)";
				SWIFT_VERSION = 3.0;
			};
			name = Debug;
		};
		F1A9D85E1E800D6800EA6EF5 /* Release */ = {
			isa = XCBuildConfiguration;
			buildSettings = {
				ASSETCATALOG_COMPILER_APPICON_NAME = AppIcon;
				DEVELOPMENT_TEAM = 6YD2UA6QR3;
				INFOPLIST_FILE = drawCircle/Info.plist;
				LD_RUNPATH_SEARCH_PATHS = "$(inherited) @executable_path/Frameworks";
				PRODUCT_BUNDLE_IDENTIFIER = nosborne.drawCircle;
				PRODUCT_NAME = "$(TARGET_NAME)";
				SWIFT_VERSION = 3.0;
			};
			name = Release;
		};
		F1A9D8601E800D6800EA6EF5 /* Debug */ = {
			isa = XCBuildConfiguration;
			buildSettings = {
				ALWAYS_EMBED_SWIFT_STANDARD_LIBRARIES = YES;
				BUNDLE_LOADER = "$(TEST_HOST)";
				DEVELOPMENT_TEAM = 6YD2UA6QR3;
				INFOPLIST_FILE = drawCircleTests/Info.plist;
				LD_RUNPATH_SEARCH_PATHS = "$(inherited) @executable_path/Frameworks @loader_path/Frameworks";
				PRODUCT_BUNDLE_IDENTIFIER = nosborne.drawCircleTests;
				PRODUCT_NAME = "$(TARGET_NAME)";
				SWIFT_VERSION = 3.0;
				TEST_HOST = "$(BUILT_PRODUCTS_DIR)/drawCircle.app/drawCircle";
			};
			name = Debug;
		};
		F1A9D8611E800D6800EA6EF5 /* Release */ = {
			isa = XCBuildConfiguration;
			buildSettings = {
				ALWAYS_EMBED_SWIFT_STANDARD_LIBRARIES = YES;
				BUNDLE_LOADER = "$(TEST_HOST)";
				DEVELOPMENT_TEAM = 6YD2UA6QR3;
				INFOPLIST_FILE = drawCircleTests/Info.plist;
				LD_RUNPATH_SEARCH_PATHS = "$(inherited) @executable_path/Frameworks @loader_path/Frameworks";
				PRODUCT_BUNDLE_IDENTIFIER = nosborne.drawCircleTests;
				PRODUCT_NAME = "$(TARGET_NAME)";
				SWIFT_VERSION = 3.0;
				TEST_HOST = "$(BUILT_PRODUCTS_DIR)/drawCircle.app/drawCircle";
			};
			name = Release;
		};
		F1A9D8631E800D6800EA6EF5 /* Debug */ = {
			isa = XCBuildConfiguration;
			buildSettings = {
				ALWAYS_EMBED_SWIFT_STANDARD_LIBRARIES = YES;
				DEVELOPMENT_TEAM = 6YD2UA6QR3;
				INFOPLIST_FILE = drawCircleUITests/Info.plist;
				LD_RUNPATH_SEARCH_PATHS = "$(inherited) @executable_path/Frameworks @loader_path/Frameworks";
				PRODUCT_BUNDLE_IDENTIFIER = nosborne.drawCircleUITests;
				PRODUCT_NAME = "$(TARGET_NAME)";
				SWIFT_VERSION = 3.0;
				TEST_TARGET_NAME = drawCircle;
			};
			name = Debug;
		};
		F1A9D8641E800D6800EA6EF5 /* Release */ = {
			isa = XCBuildConfiguration;
			buildSettings = {
				ALWAYS_EMBED_SWIFT_STANDARD_LIBRARIES = YES;
				DEVELOPMENT_TEAM = 6YD2UA6QR3;
				INFOPLIST_FILE = drawCircleUITests/Info.plist;
				LD_RUNPATH_SEARCH_PATHS = "$(inherited) @executable_path/Frameworks @loader_path/Frameworks";
				PRODUCT_BUNDLE_IDENTIFIER = nosborne.drawCircleUITests;
				PRODUCT_NAME = "$(TARGET_NAME)";
				SWIFT_VERSION = 3.0;
				TEST_TARGET_NAME = drawCircle;
			};
			name = Release;
		};
/* End XCBuildConfiguration section */

/* Begin XCConfigurationList section */
		F1A9D82F1E800D6400EA6EF5 /* Build configuration list for PBXProject "drawCircle" */ = {
			isa = XCConfigurationList;
			buildConfigurations = (
				F1A9D85A1E800D6800EA6EF5 /* Debug */,
				F1A9D85B1E800D6800EA6EF5 /* Release */,
			);
			defaultConfigurationIsVisible = 0;
			defaultConfigurationName = Release;
		};
		F1A9D85C1E800D6800EA6EF5 /* Build configuration list for PBXNativeTarget "drawCircle" */ = {
			isa = XCConfigurationList;
			buildConfigurations = (
				F1A9D85D1E800D6800EA6EF5 /* Debug */,
				F1A9D85E1E800D6800EA6EF5 /* Release */,
			);
			defaultConfigurationIsVisible = 0;
		};
		F1A9D85F1E800D6800EA6EF5 /* Build configuration list for PBXNativeTarget "drawCircleTests" */ = {
			isa = XCConfigurationList;
			buildConfigurations = (
				F1A9D8601E800D6800EA6EF5 /* Debug */,
				F1A9D8611E800D6800EA6EF5 /* Release */,
			);
			defaultConfigurationIsVisible = 0;
		};
		F1A9D8621E800D6800EA6EF5 /* Build configuration list for PBXNativeTarget "drawCircleUITests" */ = {
			isa = XCConfigurationList;
			buildConfigurations = (
				F1A9D8631E800D6800EA6EF5 /* Debug */,
				F1A9D8641E800D6800EA6EF5 /* Release */,
			);
			defaultConfigurationIsVisible = 0;
		};
/* End XCConfigurationList section */
	};
	rootObject = F1A9D82C1E800D6400EA6EF5 /* Project object */;
}
